// !$*UTF8*$!
{
	archiveVersion = 1;
	classes = {
	};
	objectVersion = 50;
	objects = {

/* Begin PBXBuildFile section */
		252790BD20F2776600FD2299 /* AppDelegate.swift in Sources */ = {isa = PBXBuildFile; fileRef = 252790BC20F2776600FD2299 /* AppDelegate.swift */; };
		252790BF20F2776600FD2299 /* ViewController.swift in Sources */ = {isa = PBXBuildFile; fileRef = 252790BE20F2776600FD2299 /* ViewController.swift */; };
		252790C220F2776600FD2299 /* Main.storyboard in Resources */ = {isa = PBXBuildFile; fileRef = 252790C020F2776600FD2299 /* Main.storyboard */; };
		252790C420F2776700FD2299 /* Assets.xcassets in Resources */ = {isa = PBXBuildFile; fileRef = 252790C320F2776700FD2299 /* Assets.xcassets */; };
		252790C720F2776700FD2299 /* LaunchScreen.storyboard in Resources */ = {isa = PBXBuildFile; fileRef = 252790C520F2776700FD2299 /* LaunchScreen.storyboard */; };
		252790CF20F277FD00FD2299 /* SalaryVsExperience.mlmodel in Sources */ = {isa = PBXBuildFile; fileRef = 252790CE20F277FD00FD2299 /* SalaryVsExperience.mlmodel */; };
/* End PBXBuildFile section */

/* Begin PBXFileReference section */
		252790B920F2776600FD2299 /* SalaryVsExperience.app */ = {isa = PBXFileReference; explicitFileType = wrapper.application; includeInIndex = 0; path = SalaryVsExperience.app; sourceTree = BUILT_PRODUCTS_DIR; };
		252790BC20F2776600FD2299 /* AppDelegate.swift */ = {isa = PBXFileReference; lastKnownFileType = sourcecode.swift; path = AppDelegate.swift; sourceTree = "<group>"; };
		252790BE20F2776600FD2299 /* ViewController.swift */ = {isa = PBXFileReference; lastKnownFileType = sourcecode.swift; path = ViewController.swift; sourceTree = "<group>"; };
		252790C120F2776600FD2299 /* Base */ = {isa = PBXFileReference; lastKnownFileType = file.storyboard; name = Base; path = Base.lproj/Main.storyboard; sourceTree = "<group>"; };
		252790C320F2776700FD2299 /* Assets.xcassets */ = {isa = PBXFileReference; lastKnownFileType = folder.assetcatalog; path = Assets.xcassets; sourceTree = "<group>"; };
		252790C620F2776700FD2299 /* Base */ = {isa = PBXFileReference; lastKnownFileType = file.storyboard; name = Base; path = Base.lproj/LaunchScreen.storyboard; sourceTree = "<group>"; };
		252790C820F2776700FD2299 /* Info.plist */ = {isa = PBXFileReference; lastKnownFileType = text.plist.xml; path = Info.plist; sourceTree = "<group>"; };
		252790CE20F277FD00FD2299 /* SalaryVsExperience.mlmodel */ = {isa = PBXFileReference; lastKnownFileType = file.mlmodel; name = SalaryVsExperience.mlmodel; path = ../../../PythonFile/SalaryVsExperience.mlmodel; sourceTree = "<group>"; };
/* End PBXFileReference section */

/* Begin PBXFrameworksBuildPhase section */
		252790B620F2776600FD2299 /* Frameworks */ = {
			isa = PBXFrameworksBuildPhase;
			buildActionMask = 2147483647;
			files = (
			);
			runOnlyForDeploymentPostprocessing = 0;
		};
/* End PBXFrameworksBuildPhase section */

/* Begin PBXGroup section */
		252790B020F2776600FD2299 = {
			isa = PBXGroup;
			children = (
				252790BB20F2776600FD2299 /* SalaryVsExperience */,
				252790BA20F2776600FD2299 /* Products */,
			);
			sourceTree = "<group>";
		};
		252790BA20F2776600FD2299 /* Products */ = {
			isa = PBXGroup;
			children = (
				252790B920F2776600FD2299 /* SalaryVsExperience.app */,
			);
			name = Products;
			sourceTree = "<group>";
		};
		252790BB20F2776600FD2299 /* SalaryVsExperience */ = {
			isa = PBXGroup;
			children = (
				252790CE20F277FD00FD2299 /* SalaryVsExperience.mlmodel */,
				252790BC20F2776600FD2299 /* AppDelegate.swift */,
				252790BE20F2776600FD2299 /* ViewController.swift */,
				252790C020F2776600FD2299 /* Main.storyboard */,
				252790C320F2776700FD2299 /* Assets.xcassets */,
				252790C520F2776700FD2299 /* LaunchScreen.storyboard */,
				252790C820F2776700FD2299 /* Info.plist */,
			);
			path = SalaryVsExperience;
			sourceTree = "<group>";
		};
/* End PBXGroup section */

/* Begin PBXNativeTarget section */
		252790B820F2776600FD2299 /* SalaryVsExperience */ = {
			isa = PBXNativeTarget;
			buildConfigurationList = 252790CB20F2776700FD2299 /* Build configuration list for PBXNativeTarget "SalaryVsExperience" */;
			buildPhases = (
				252790B520F2776600FD2299 /* Sources */,
				252790B620F2776600FD2299 /* Frameworks */,
				252790B720F2776600FD2299 /* Resources */,
			);
			buildRules = (
			);
			dependencies = (
			);
			name = SalaryVsExperience;
			productName = SalaryVsExperience;
			productReference = 252790B920F2776600FD2299 /* SalaryVsExperience.app */;
			productType = "com.apple.product-type.application";
		};
/* End PBXNativeTarget section */

/* Begin PBXProject section */
		252790B120F2776600FD2299 /* Project object */ = {
			isa = PBXProject;
			attributes = {
				LastSwiftUpdateCheck = 0940;
				LastUpgradeCheck = 0940;
				ORGANIZATIONNAME = karthik;
				TargetAttributes = {
					252790B820F2776600FD2299 = {
						CreatedOnToolsVersion = 9.4.1;
					};
				};
			};
			buildConfigurationList = 252790B420F2776600FD2299 /* Build configuration list for PBXProject "SalaryVsExperience" */;
			compatibilityVersion = "Xcode 9.3";
			developmentRegion = en;
			hasScannedForEncodings = 0;
			knownRegions = (
				en,
				Base,
			);
			mainGroup = 252790B020F2776600FD2299;
			productRefGroup = 252790BA20F2776600FD2299 /* Products */;
			projectDirPath = "";
			projectRoot = "";
			targets = (
				252790B820F2776600FD2299 /* SalaryVsExperience */,
			);
		};
/* End PBXProject section */

/* Begin PBXResourcesBuildPhase section */
		252790B720F2776600FD2299 /* Resources */ = {
			isa = PBXResourcesBuildPhase;
			buildActionMask = 2147483647;
			files = (
				252790C720F2776700FD2299 /* LaunchScreen.storyboard in Resources */,
				252790C420F2776700FD2299 /* Assets.xcassets in Resources */,
				252790C220F2776600FD2299 /* Main.storyboard in Resources */,
			);
			runOnlyForDeploymentPostprocessing = 0;
		};
/* End PBXResourcesBuildPhase section */

/* Begin PBXSourcesBuildPhase section */
		252790B520F2776600FD2299 /* Sources */ = {
			isa = PBXSourcesBuildPhase;
			buildActionMask = 2147483647;
			files = (
				252790BF20F2776600FD2299 /* ViewController.swift in Sources */,
				252790CF20F277FD00FD2299 /* SalaryVsExperience.mlmodel in Sources */,
				252790BD20F2776600FD2299 /* AppDelegate.swift in Sources */,
			);
			runOnlyForDeploymentPostprocessing = 0;
		};
/* End PBXSourcesBuildPhase section */

/* Begin PBXVariantGroup section */
		252790C020F2776600FD2299 /* Main.storyboard */ = {
			isa = PBXVariantGroup;
			children = (
				252790C120F2776600FD2299 /* Base */,
			);
			name = Main.storyboard;
			sourceTree = "<group>";
		};
		252790C520F2776700FD2299 /* LaunchScreen.storyboard */ = {
			isa = PBXVariantGroup;
			children = (
				252790C620F2776700FD2299 /* Base */,
			);
			name = LaunchScreen.storyboard;
			sourceTree = "<group>";
		};
/* End PBXVariantGroup section */

/* Begin XCBuildConfiguration section */
		252790C920F2776700FD2299 /* Debug */ = {
			isa = XCBuildConfiguration;
			buildSettings = {
				ALWAYS_SEARCH_USER_PATHS = NO;
				CLANG_ANALYZER_NONNULL = YES;
				CLANG_ANALYZER_NUMBER_OBJECT_CONVERSION = YES_AGGRESSIVE;
				CLANG_CXX_LANGUAGE_STANDARD = "gnu++14";
				CLANG_CXX_LIBRARY = "libc++";
				CLANG_ENABLE_MODULES = YES;
				CLANG_ENABLE_OBJC_ARC = YES;
				CLANG_ENABLE_OBJC_WEAK = YES;
				CLANG_WARN_BLOCK_CAPTURE_AUTORELEASING = YES;
				CLANG_WARN_BOOL_CONVERSION = YES;
				CLANG_WARN_COMMA = YES;
				CLANG_WARN_CONSTANT_CONVERSION = YES;
				CLANG_WARN_DEPRECATED_OBJC_IMPLEMENTATIONS = YES;
				CLANG_WARN_DIRECT_OBJC_ISA_USAGE = YES_ERROR;
				CLANG_WARN_DOCUMENTATION_COMMENTS = YES;
				CLANG_WARN_EMPTY_BODY = YES;
				CLANG_WARN_ENUM_CONVERSION = YES;
				CLANG_WARN_INFINITE_RECURSION = YES;
				CLANG_WARN_INT_CONVERSION = YES;
				CLANG_WARN_NON_LITERAL_NULL_CONVERSION = YES;
				CLANG_WARN_OBJC_IMPLICIT_RETAIN_SELF = YES;
				CLANG_WARN_OBJC_LITERAL_CONVERSION = YES;
				CLANG_WARN_OBJC_ROOT_CLASS = YES_ERROR;
				CLANG_WARN_RANGE_LOOP_ANALYSIS = YES;
				CLANG_WARN_STRICT_PROTOTYPES = YES;
				CLANG_WARN_SUSPICIOUS_MOVE = YES;
				CLANG_WARN_UNGUARDED_AVAILABILITY = YES_AGGRESSIVE;
				CLANG_WARN_UNREACHABLE_CODE = YES;
				CLANG_WARN__DUPLICATE_METHOD_MATCH = YES;
				CODE_SIGN_IDENTITY = "iPhone Developer";
				COPY_PHASE_STRIP = NO;
				DEBUG_INFORMATION_FORMAT = dwarf;
				ENABLE_STRICT_OBJC_MSGSEND = YES;
				ENABLE_TESTABILITY = YES;
				GCC_C_LANGUAGE_STANDARD = gnu11;
				GCC_DYNAMIC_NO_PIC = NO;
				GCC_NO_COMMON_BLOCKS = YES;
				GCC_OPTIMIZATION_LEVEL = 0;
				GCC_PREPROCESSOR_DEFINITIONS = (
					"DEBUG=1",
					"$(inherited)",
				);
				GCC_WARN_64_TO_32_BIT_CONVERSION = YES;
				GCC_WARN_ABOUT_RETURN_TYPE = YES_ERROR;
				GCC_WARN_UNDECLARED_SELECTOR = YES;
				GCC_WARN_UNINITIALIZED_AUTOS = YES_AGGRESSIVE;
				GCC_WARN_UNUSED_FUNCTION = YES;
				GCC_WARN_UNUSED_VARIABLE = YES;
				IPHONEOS_DEPLOYMENT_TARGET = 11.4;
				MTL_ENABLE_DEBUG_INFO = YES;
				ONLY_ACTIVE_ARCH = YES;
				SDKROOT = iphoneos;
				SWIFT_ACTIVE_COMPILATION_CONDITIONS = DEBUG;
				SWIFT_OPTIMIZATION_LEVEL = "-Onone";
			};
			name = Debug;
		};
		252790CA20F2776700FD2299 /* Release */ = {
			isa = XCBuildConfiguration;
			buildSettings = {
				ALWAYS_SEARCH_USER_PATHS = NO;
				CLANG_ANALYZER_NONNULL = YES;
				CLANG_ANALYZER_NUMBER_OBJECT_CONVERSION = YES_AGGRESSIVE;
				CLANG_CXX_LANGUAGE_STANDARD = "gnu++14";
				CLANG_CXX_LIBRARY = "libc++";
				CLANG_ENABLE_MODULES = YES;
				CLANG_ENABLE_OBJC_ARC = YES;
				CLANG_ENABLE_OBJC_WEAK = YES;
				CLANG_WARN_BLOCK_CAPTURE_AUTORELEASING = YES;
				CLANG_WARN_BOOL_CONVERSION = YES;
				CLANG_WARN_COMMA = YES;
				CLANG_WARN_CONSTANT_CONVERSION = YES;
				CLANG_WARN_DEPRECATED_OBJC_IMPLEMENTATIONS = YES;
				CLANG_WARN_DIRECT_OBJC_ISA_USAGE = YES_ERROR;
				CLANG_WARN_DOCUMENTATION_COMMENTS = YES;
				CLANG_WARN_EMPTY_BODY = YES;
				CLANG_WARN_ENUM_CONVERSION = YES;
				CLANG_WARN_INFINITE_RECURSION = YES;
				CLANG_WARN_INT_CONVERSION = YES;
				CLANG_WARN_NON_LITERAL_NULL_CONVERSION = YES;
				CLANG_WARN_OBJC_IMPLICIT_RETAIN_SELF = YES;
				CLANG_WARN_OBJC_LITERAL_CONVERSION = YES;
				CLANG_WARN_OBJC_ROOT_CLASS = YES_ERROR;
				CLANG_WARN_RANGE_LOOP_ANALYSIS = YES;
				CLANG_WARN_STRICT_PROTOTYPES = YES;
				CLANG_WARN_SUSPICIOUS_MOVE = YES;
				CLANG_WARN_UNGUARDED_AVAILABILITY = YES_AGGRESSIVE;
				CLANG_WARN_UNREACHABLE_CODE = YES;
				CLANG_WARN__DUPLICATE_METHOD_MATCH = YES;
				CODE_SIGN_IDENTITY = "iPhone Developer";
				COPY_PHASE_STRIP = NO;
				DEBUG_INFORMATION_FORMAT = "dwarf-with-dsym";
				ENABLE_NS_ASSERTIONS = NO;
				ENABLE_STRICT_OBJC_MSGSEND = YES;
				GCC_C_LANGUAGE_STANDARD = gnu11;
				GCC_NO_COMMON_BLOCKS = YES;
				GCC_WARN_64_TO_32_BIT_CONVERSION = YES;
				GCC_WARN_ABOUT_RETURN_TYPE = YES_ERROR;
				GCC_WARN_UNDECLARED_SELECTOR = YES;
				GCC_WARN_UNINITIALIZED_AUTOS = YES_AGGRESSIVE;
				GCC_WARN_UNUSED_FUNCTION = YES;
				GCC_WARN_UNUSED_VARIABLE = YES;
				IPHONEOS_DEPLOYMENT_TARGET = 11.4;
				MTL_ENABLE_DEBUG_INFO = NO;
				SDKROOT = iphoneos;
				SWIFT_COMPILATION_MODE = wholemodule;
				SWIFT_OPTIMIZATION_LEVEL = "-O";
				VALIDATE_PRODUCT = YES;
			};
			name = Release;
		};
		252790CC20F2776700FD2299 /* Debug */ = {
			isa = XCBuildConfiguration;
			buildSettings = {
				ASSETCATALOG_COMPILER_APPICON_NAME = AppIcon;
				CODE_SIGN_STYLE = Automatic;
				INFOPLIST_FILE = SalaryVsExperience/Info.plist;
				LD_RUNPATH_SEARCH_PATHS = (
					"$(inherited)",
					"@executable_path/Frameworks",
				);
				PRODUCT_BUNDLE_IDENTIFIER = com.karthik.SalaryVsExperience;
				PRODUCT_NAME = "$(TARGET_NAME)";
				SWIFT_VERSION = 4.0;
				TARGETED_DEVICE_FAMILY = "1,2";
			};
			name = Debug;
		};
		252790CD20F2776700FD2299 /* Release */ = {
			isa = XCBuildConfiguration;
			buildSettings = {
				ASSETCATALOG_COMPILER_APPICON_NAME = AppIcon;
				CODE_SIGN_STYLE = Automatic;
				INFOPLIST_FILE = SalaryVsExperience/Info.plist;
				LD_RUNPATH_SEARCH_PATHS = (
					"$(inherited)",
					"@executable_path/Frameworks",
				);
				PRODUCT_BUNDLE_IDENTIFIER = com.karthik.SalaryVsExperience;
				PRODUCT_NAME = "$(TARGET_NAME)";
				SWIFT_VERSION = 4.0;
				TARGETED_DEVICE_FAMILY = "1,2";
			};
			name = Release;
		};
/* End XCBuildConfiguration section */

/* Begin XCConfigurationList section */
		252790B420F2776600FD2299 /* Build configuration list for PBXProject "SalaryVsExperience" */ = {
			isa = XCConfigurationList;
			buildConfigurations = (
				252790C920F2776700FD2299 /* Debug */,
				252790CA20F2776700FD2299 /* Release */,
			);
			defaultConfigurationIsVisible = 0;
			defaultConfigurationName = Release;
		};
		252790CB20F2776700FD2299 /* Build configuration list for PBXNativeTarget "SalaryVsExperience" */ = {
			isa = XCConfigurationList;
			buildConfigurations = (
				252790CC20F2776700FD2299 /* Debug */,
				252790CD20F2776700FD2299 /* Release */,
			);
			defaultConfigurationIsVisible = 0;
			defaultConfigurationName = Release;
		};
/* End XCConfigurationList section */
	};
	rootObject = 252790B120F2776600FD2299 /* Project object */;
}
